
Microsoft Visual Studio Solution File, Format Version 12.00
# Visual Studio Version 17
VisualStudioVersion = 17.10.35122.118
MinimumVisualStudioVersion = 10.0.40219.1
Project("{FAE04EC0-301F-11D3-BF4B-00C04F79EFBC}") = "TestProam", "TestProam\TestProam.csproj", "{A73080BD-8BC2-44AB-A01D-F1A07D0394F0}"
EndProject
Global
	GlobalSection(SolutionConfigurationPlatforms) = preSolution
		Debug|Any CPU = Debug|Any CPU
		Release|Any CPU = Release|Any CPU
	EndGlobalSection
	GlobalSection(ProjectConfigurationPlatforms) = postSolution
		{A73080BD-8BC2-44AB-A01D-F1A07D0394F0}.Debug|Any CPU.ActiveCfg = Debug|Any CPU
		{A73080BD-8BC2-44AB-A01D-F1A07D0394F0}.Debug|Any CPU.Build.0 = Debug|Any CPU
		{A73080BD-8BC2-44AB-A01D-F1A07D0394F0}.Release|Any CPU.ActiveCfg = Release|Any CPU
		{A73080BD-8BC2-44AB-A01D-F1A07D0394F0}.Release|Any CPU.Build.0 = Release|Any CPU
	EndGlobalSection
	GlobalSection(SolutionProperties) = preSolution
		HideSolutionNode = FALSE
	EndGlobalSection
	GlobalSection(ExtensibilityGlobals) = postSolution
		SolutionGuid = {65761782-D229-430E-9146-F8FF6BC94EDA}
	EndGlobalSection
EndGlobal
